
Microsoft Visual Studio Solution File, Format Version 12.00
# Visual Studio Version 16
VisualStudioVersion = 16.0.30621.155
MinimumVisualStudioVersion = 10.0.40219.1
Project("{FAE04EC0-301F-11D3-BF4B-00C04F79EFBC}") = "WindowsApplication47", "WindowsApplication47\WindowsApplication47.csproj", "{DED7B713-6B87-453C-875A-AE34F8476E1A}"
EndProject
Global
	GlobalSection(SolutionConfigurationPlatforms) = preSolution
		Debug|Any CPU = Debug|Any CPU
		Release|Any CPU = Release|Any CPU
	EndGlobalSection
	GlobalSection(ProjectConfigurationPlatforms) = postSolution
		{DED7B713-6B87-453C-875A-AE34F8476E1A}.Debug|Any CPU.ActiveCfg = Debug|Any CPU
		{DED7B713-6B87-453C-875A-AE34F8476E1A}.Debug|Any CPU.Build.0 = Debug|Any CPU
		{DED7B713-6B87-453C-875A-AE34F8476E1A}.Release|Any CPU.ActiveCfg = Release|Any CPU
		{DED7B713-6B87-453C-875A-AE34F8476E1A}.Release|Any CPU.Build.0 = Release|Any CPU
	EndGlobalSection
	GlobalSection(SolutionProperties) = preSolution
		HideSolutionNode = FALSE
	EndGlobalSection
	GlobalSection(ExtensibilityGlobals) = postSolution
		SolutionGuid = {CCA75396-70DC-4B70-A0D6-198A9F60E53C}
	EndGlobalSection
EndGlobal
