
Microsoft Visual Studio Solution File, Format Version 12.00
# Visual Studio Version 16
VisualStudioVersion = 16.0.30621.155
MinimumVisualStudioVersion = 10.0.40219.1
Project("{FAE04EC0-301F-11D3-BF4B-00C04F79EFBC}") = "PR05", "PR05\PR05.csproj", "{0768A116-679A-4D98-B012-4BDC7D620466}"
EndProject
Global
	GlobalSection(SolutionConfigurationPlatforms) = preSolution
		Debug|Any CPU = Debug|Any CPU
		Release|Any CPU = Release|Any CPU
	EndGlobalSection
	GlobalSection(ProjectConfigurationPlatforms) = postSolution
		{0768A116-679A-4D98-B012-4BDC7D620466}.Debug|Any CPU.ActiveCfg = Debug|Any CPU
		{0768A116-679A-4D98-B012-4BDC7D620466}.Debug|Any CPU.Build.0 = Debug|Any CPU
		{0768A116-679A-4D98-B012-4BDC7D620466}.Release|Any CPU.ActiveCfg = Release|Any CPU
		{0768A116-679A-4D98-B012-4BDC7D620466}.Release|Any CPU.Build.0 = Release|Any CPU
	EndGlobalSection
	GlobalSection(SolutionProperties) = preSolution
		HideSolutionNode = FALSE
	EndGlobalSection
	GlobalSection(ExtensibilityGlobals) = postSolution
		SolutionGuid = {EE9DAB75-E607-4CE5-BA25-18FA445B605E}
	EndGlobalSection
EndGlobal
