
Microsoft Visual Studio Solution File, Format Version 12.00
# Visual Studio Version 16
VisualStudioVersion = 16.0.30621.155
MinimumVisualStudioVersion = 10.0.40219.1
Project("{FAE04EC0-301F-11D3-BF4B-00C04F79EFBC}") = "PROVERKA", "PROVERKA\PROVERKA.csproj", "{D0804CC9-C23C-4D57-9738-7243C5A31324}"
EndProject
Global
	GlobalSection(SolutionConfigurationPlatforms) = preSolution
		Debug|Any CPU = Debug|Any CPU
		Release|Any CPU = Release|Any CPU
	EndGlobalSection
	GlobalSection(ProjectConfigurationPlatforms) = postSolution
		{D0804CC9-C23C-4D57-9738-7243C5A31324}.Debug|Any CPU.ActiveCfg = Debug|Any CPU
		{D0804CC9-C23C-4D57-9738-7243C5A31324}.Debug|Any CPU.Build.0 = Debug|Any CPU
		{D0804CC9-C23C-4D57-9738-7243C5A31324}.Release|Any CPU.ActiveCfg = Release|Any CPU
		{D0804CC9-C23C-4D57-9738-7243C5A31324}.Release|Any CPU.Build.0 = Release|Any CPU
	EndGlobalSection
	GlobalSection(SolutionProperties) = preSolution
		HideSolutionNode = FALSE
	EndGlobalSection
	GlobalSection(ExtensibilityGlobals) = postSolution
		SolutionGuid = {47EA5AF8-56DC-4EF6-9B5E-4EDF66D5FF08}
	EndGlobalSection
EndGlobal
